
Microsoft Visual Studio Solution File, Format Version 12.00
# Visual Studio 2012
Project("{FAE04EC0-301F-11D3-BF4B-00C04F79EFBC}") = "Fleko-Todo", "Fleko\Fleko-Todo.csproj", "{E678A7EF-08D3-4FB0-8EF0-4514B56215AF}"
EndProject
Project("{FAE04EC0-301F-11D3-BF4B-00C04F79EFBC}") = "Fleko.Tests", "Fleko.Tests\Fleko.Tests.csproj", "{A14BCAFA-0429-45F4-B815-E411FF987A6B}"
EndProject
Project("{FAE04EC0-301F-11D3-BF4B-00C04F79EFBC}") = "Fleko2", "Fleko2\Fleko2.csproj", "{CFB55843-9992-49C6-8A95-FCE7720729A3}"
EndProject
Project("{FAE04EC0-301F-11D3-BF4B-00C04F79EFBC}") = "Fleko3", "Fleko3\Fleko3.csproj", "{F785B092-E821-44F4-BC37-0FDA6E3D90CE}"
EndProject
Project("{FAE04EC0-301F-11D3-BF4B-00C04F79EFBC}") = "Fleko4", "Fleko4\Fleko4.csproj", "{13D3784D-51A1-4C95-AA1D-672272BD440A}"
EndProject
Global
	GlobalSection(SolutionConfigurationPlatforms) = preSolution
		Debug|Any CPU = Debug|Any CPU
		Release|Any CPU = Release|Any CPU
	EndGlobalSection
	GlobalSection(ProjectConfigurationPlatforms) = postSolution
		{E678A7EF-08D3-4FB0-8EF0-4514B56215AF}.Debug|Any CPU.ActiveCfg = Debug|Any CPU
		{E678A7EF-08D3-4FB0-8EF0-4514B56215AF}.Debug|Any CPU.Build.0 = Debug|Any CPU
		{E678A7EF-08D3-4FB0-8EF0-4514B56215AF}.Release|Any CPU.ActiveCfg = Release|Any CPU
		{E678A7EF-08D3-4FB0-8EF0-4514B56215AF}.Release|Any CPU.Build.0 = Release|Any CPU
		{A14BCAFA-0429-45F4-B815-E411FF987A6B}.Debug|Any CPU.ActiveCfg = Debug|Any CPU
		{A14BCAFA-0429-45F4-B815-E411FF987A6B}.Debug|Any CPU.Build.0 = Debug|Any CPU
		{A14BCAFA-0429-45F4-B815-E411FF987A6B}.Release|Any CPU.ActiveCfg = Release|Any CPU
		{A14BCAFA-0429-45F4-B815-E411FF987A6B}.Release|Any CPU.Build.0 = Release|Any CPU
		{CFB55843-9992-49C6-8A95-FCE7720729A3}.Debug|Any CPU.ActiveCfg = Debug|Any CPU
		{CFB55843-9992-49C6-8A95-FCE7720729A3}.Debug|Any CPU.Build.0 = Debug|Any CPU
		{CFB55843-9992-49C6-8A95-FCE7720729A3}.Release|Any CPU.ActiveCfg = Release|Any CPU
		{CFB55843-9992-49C6-8A95-FCE7720729A3}.Release|Any CPU.Build.0 = Release|Any CPU
		{F785B092-E821-44F4-BC37-0FDA6E3D90CE}.Debug|Any CPU.ActiveCfg = Debug|Any CPU
		{F785B092-E821-44F4-BC37-0FDA6E3D90CE}.Debug|Any CPU.Build.0 = Debug|Any CPU
		{F785B092-E821-44F4-BC37-0FDA6E3D90CE}.Release|Any CPU.ActiveCfg = Release|Any CPU
		{F785B092-E821-44F4-BC37-0FDA6E3D90CE}.Release|Any CPU.Build.0 = Release|Any CPU
		{13D3784D-51A1-4C95-AA1D-672272BD440A}.Debug|Any CPU.ActiveCfg = Debug|Any CPU
		{13D3784D-51A1-4C95-AA1D-672272BD440A}.Debug|Any CPU.Build.0 = Debug|Any CPU
		{13D3784D-51A1-4C95-AA1D-672272BD440A}.Release|Any CPU.ActiveCfg = Release|Any CPU
		{13D3784D-51A1-4C95-AA1D-672272BD440A}.Release|Any CPU.Build.0 = Release|Any CPU
	EndGlobalSection
	GlobalSection(SolutionProperties) = preSolution
		HideSolutionNode = FALSE
	EndGlobalSection
EndGlobal
